
Microsoft Visual Studio Solution File, Format Version 12.00
# Visual Studio 15
VisualStudioVersion = 15.0.28307.271
MinimumVisualStudioVersion = 10.0.40219.1
Project("{FAE04EC0-301F-11D3-BF4B-00C04F79EFBC}") = "WantsomeThreads.ConsoleApp", "WantsomeThreads.ConsoleApp\WantsomeThreads.ConsoleApp.csproj", "{49D3EE1B-6CF7-4A4F-AF42-D2B39CF51061}"
EndProject
Global
	GlobalSection(SolutionConfigurationPlatforms) = preSolution
		Debug|Any CPU = Debug|Any CPU
		Release|Any CPU = Release|Any CPU
	EndGlobalSection
	GlobalSection(ProjectConfigurationPlatforms) = postSolution
		{49D3EE1B-6CF7-4A4F-AF42-D2B39CF51061}.Debug|Any CPU.ActiveCfg = Debug|Any CPU
		{49D3EE1B-6CF7-4A4F-AF42-D2B39CF51061}.Debug|Any CPU.Build.0 = Debug|Any CPU
		{49D3EE1B-6CF7-4A4F-AF42-D2B39CF51061}.Release|Any CPU.ActiveCfg = Release|Any CPU
		{49D3EE1B-6CF7-4A4F-AF42-D2B39CF51061}.Release|Any CPU.Build.0 = Release|Any CPU
	EndGlobalSection
	GlobalSection(SolutionProperties) = preSolution
		HideSolutionNode = FALSE
	EndGlobalSection
	GlobalSection(ExtensibilityGlobals) = postSolution
		SolutionGuid = {27660351-7E67-46C3-B4CA-BE37A9F0CA7A}
	EndGlobalSection
EndGlobal
