
Microsoft Visual Studio Solution File, Format Version 12.00
# Visual Studio 15
VisualStudioVersion = 15.0.28307.271
MinimumVisualStudioVersion = 10.0.40219.1
Project("{FAE04EC0-301F-11D3-BF4B-00C04F79EFBC}") = "WantsomeThreads.ConsoleApp", "WantsomeThreads.ConsoleApp\WantsomeThreads.ConsoleApp.csproj", "{49D3EE1B-6CF7-4A4F-AF42-D2B39CF51061}"
EndProject
Project("{FAE04EC0-301F-11D3-BF4B-00C04F79EFBC}") = "WantsomeThreads.SimpleThread1", "WantsomeThreads.SimpleThread1\WantsomeThreads.SimpleThread1.csproj", "{5E075876-0365-4ADF-BB83-849A1CB2B5EB}"
EndProject
Project("{FAE04EC0-301F-11D3-BF4B-00C04F79EFBC}") = "WantsomeThreads.SimpleParallel1", "WantsomeThreads.SimpleParallel1\WantsomeThreads.SimpleParallel1.csproj", "{2C67BE8D-4BDA-4948-8962-5053B12B84DD}"
EndProject
Project("{FAE04EC0-301F-11D3-BF4B-00C04F79EFBC}") = "WantsomeThreads.SimpleTasks1", "WantsomeThreads.SimpleTasks1\WantsomeThreads.SimpleTasks1.csproj", "{A4710647-8E47-4066-BCAE-C2B1B7927EF7}"
EndProject
Project("{FAE04EC0-301F-11D3-BF4B-00C04F79EFBC}") = "WantsomeThreads.AsyncAwait", "WantsomeThreads.AsyncAwait\WantsomeThreads.AsyncAwait.csproj", "{96963D05-9B09-4C63-9A0B-51BDD25B22E6}"
EndProject
Global
	GlobalSection(SolutionConfigurationPlatforms) = preSolution
		Debug|Any CPU = Debug|Any CPU
		Release|Any CPU = Release|Any CPU
	EndGlobalSection
	GlobalSection(ProjectConfigurationPlatforms) = postSolution
		{49D3EE1B-6CF7-4A4F-AF42-D2B39CF51061}.Debug|Any CPU.ActiveCfg = Debug|Any CPU
		{49D3EE1B-6CF7-4A4F-AF42-D2B39CF51061}.Debug|Any CPU.Build.0 = Debug|Any CPU
		{49D3EE1B-6CF7-4A4F-AF42-D2B39CF51061}.Release|Any CPU.ActiveCfg = Release|Any CPU
		{49D3EE1B-6CF7-4A4F-AF42-D2B39CF51061}.Release|Any CPU.Build.0 = Release|Any CPU
		{5E075876-0365-4ADF-BB83-849A1CB2B5EB}.Debug|Any CPU.ActiveCfg = Debug|Any CPU
		{5E075876-0365-4ADF-BB83-849A1CB2B5EB}.Debug|Any CPU.Build.0 = Debug|Any CPU
		{5E075876-0365-4ADF-BB83-849A1CB2B5EB}.Release|Any CPU.ActiveCfg = Release|Any CPU
		{5E075876-0365-4ADF-BB83-849A1CB2B5EB}.Release|Any CPU.Build.0 = Release|Any CPU
		{2C67BE8D-4BDA-4948-8962-5053B12B84DD}.Debug|Any CPU.ActiveCfg = Debug|Any CPU
		{2C67BE8D-4BDA-4948-8962-5053B12B84DD}.Debug|Any CPU.Build.0 = Debug|Any CPU
		{2C67BE8D-4BDA-4948-8962-5053B12B84DD}.Release|Any CPU.ActiveCfg = Release|Any CPU
		{2C67BE8D-4BDA-4948-8962-5053B12B84DD}.Release|Any CPU.Build.0 = Release|Any CPU
		{A4710647-8E47-4066-BCAE-C2B1B7927EF7}.Debug|Any CPU.ActiveCfg = Debug|Any CPU
		{A4710647-8E47-4066-BCAE-C2B1B7927EF7}.Debug|Any CPU.Build.0 = Debug|Any CPU
		{A4710647-8E47-4066-BCAE-C2B1B7927EF7}.Release|Any CPU.ActiveCfg = Release|Any CPU
		{A4710647-8E47-4066-BCAE-C2B1B7927EF7}.Release|Any CPU.Build.0 = Release|Any CPU
		{96963D05-9B09-4C63-9A0B-51BDD25B22E6}.Debug|Any CPU.ActiveCfg = Debug|Any CPU
		{96963D05-9B09-4C63-9A0B-51BDD25B22E6}.Debug|Any CPU.Build.0 = Debug|Any CPU
		{96963D05-9B09-4C63-9A0B-51BDD25B22E6}.Release|Any CPU.ActiveCfg = Release|Any CPU
		{96963D05-9B09-4C63-9A0B-51BDD25B22E6}.Release|Any CPU.Build.0 = Release|Any CPU
	EndGlobalSection
	GlobalSection(SolutionProperties) = preSolution
		HideSolutionNode = FALSE
	EndGlobalSection
	GlobalSection(ExtensibilityGlobals) = postSolution
		SolutionGuid = {27660351-7E67-46C3-B4CA-BE37A9F0CA7A}
	EndGlobalSection
EndGlobal
